
Microsoft Visual Studio Solution File, Format Version 12.00
# Visual Studio 14
VisualStudioVersion = 14.0.25420.1
MinimumVisualStudioVersion = 10.0.40219.1
Project("{2150E333-8FDC-42A3-9474-1A3956D46DE8}") = "src", "src", "{E95507F9-791F-4B9C-8FBF-E31C27CE2F93}"
EndProject
Project("{2150E333-8FDC-42A3-9474-1A3956D46DE8}") = "Solution Items", "Solution Items", "{AA6B040E-A724-41C5-AA61-2081F054F46A}"
	ProjectSection(SolutionItems) = preProject
		global.json = global.json
	EndProjectSection
EndProject
Project("{8BB2217D-0F2D-49D1-97BC-3654ED321F3B}") = "Web", "src\Web\Web.xproj", "{9DBAF6AD-6000-4CBA-99C8-D27FF653A30F}"
EndProject
Global
	GlobalSection(SolutionConfigurationPlatforms) = preSolution
		Debug|Any CPU = Debug|Any CPU
		Release|Any CPU = Release|Any CPU
	EndGlobalSection
	GlobalSection(ProjectConfigurationPlatforms) = postSolution
		{9DBAF6AD-6000-4CBA-99C8-D27FF653A30F}.Debug|Any CPU.ActiveCfg = Debug|Any CPU
		{9DBAF6AD-6000-4CBA-99C8-D27FF653A30F}.Debug|Any CPU.Build.0 = Debug|Any CPU
		{9DBAF6AD-6000-4CBA-99C8-D27FF653A30F}.Release|Any CPU.ActiveCfg = Release|Any CPU
		{9DBAF6AD-6000-4CBA-99C8-D27FF653A30F}.Release|Any CPU.Build.0 = Release|Any CPU
	EndGlobalSection
	GlobalSection(SolutionProperties) = preSolution
		HideSolutionNode = FALSE
	EndGlobalSection
	GlobalSection(NestedProjects) = preSolution
		{9DBAF6AD-6000-4CBA-99C8-D27FF653A30F} = {E95507F9-791F-4B9C-8FBF-E31C27CE2F93}
	EndGlobalSection
EndGlobal
